// !$*UTF8*$!
{
	archiveVersion = 1;
	classes = {
	};
	objectVersion = 50;
	objects = {

/* Begin PBXBuildFile section */
		A50495FF218C8E1E00FC2033 /* Nimble.framework in Frameworks */ = {isa = PBXBuildFile; fileRef = A50495FE218C8E0700FC2033 /* Nimble.framework */; };
		A5049600218C8E1E00FC2033 /* Quick.framework in Frameworks */ = {isa = PBXBuildFile; fileRef = A50495FD218C8E0700FC2033 /* Quick.framework */; };
		A5049602218C8ED700FC2033 /* Nimble.framework in Copy Carthage Frameworks */ = {isa = PBXBuildFile; fileRef = A50495FE218C8E0700FC2033 /* Nimble.framework */; settings = {ATTRIBUTES = (CodeSignOnCopy, RemoveHeadersOnCopy, ); }; };
		A5049603218C8ED700FC2033 /* Quick.framework in Copy Carthage Frameworks */ = {isa = PBXBuildFile; fileRef = A50495FD218C8E0700FC2033 /* Quick.framework */; settings = {ATTRIBUTES = (CodeSignOnCopy, RemoveHeadersOnCopy, ); }; };
		A5049607218C911B00FC2033 /* RestaurantListUseCaseController.swift in Sources */ = {isa = PBXBuildFile; fileRef = A5049606218C911B00FC2033 /* RestaurantListUseCaseController.swift */; };
		A504960C218C93BC00FC2033 /* NetworkClient.swift in Sources */ = {isa = PBXBuildFile; fileRef = A504960B218C93BC00FC2033 /* NetworkClient.swift */; };
		A504960F218C93E900FC2033 /* Result.swift in Sources */ = {isa = PBXBuildFile; fileRef = A504960E218C93E900FC2033 /* Result.swift */; };
		A5049612218C962B00FC2033 /* RequestServicing.swift in Sources */ = {isa = PBXBuildFile; fileRef = A5049611218C962B00FC2033 /* RequestServicing.swift */; };
		A5049614218C968A00FC2033 /* NetworkMethod.swift in Sources */ = {isa = PBXBuildFile; fileRef = A5049613218C968A00FC2033 /* NetworkMethod.swift */; };
		A5049616218C96D100FC2033 /* NetworkError.swift in Sources */ = {isa = PBXBuildFile; fileRef = A5049615218C96D100FC2033 /* NetworkError.swift */; };
		A504961B218C9BA500FC2033 /* NetworkMethodTests.swift in Sources */ = {isa = PBXBuildFile; fileRef = A5049619218C9B9F00FC2033 /* NetworkMethodTests.swift */; };
		A504961E218F013700FC2033 /* RestaurantListViewModel.swift in Sources */ = {isa = PBXBuildFile; fileRef = A504961D218F013700FC2033 /* RestaurantListViewModel.swift */; };
		A5049626218F035900FC2033 /* RestaurantListViewModelTests.swift in Sources */ = {isa = PBXBuildFile; fileRef = A5049623218F02D700FC2033 /* RestaurantListViewModelTests.swift */; };
		A504962A218F03DB00FC2033 /* RestaurantListProviding.swift in Sources */ = {isa = PBXBuildFile; fileRef = A5049629218F03DB00FC2033 /* RestaurantListProviding.swift */; };
		A504962C218F041F00FC2033 /* EndpointClient.swift in Sources */ = {isa = PBXBuildFile; fileRef = A504962B218F041F00FC2033 /* EndpointClient.swift */; };
		A504962F218F059100FC2033 /* Restaurant.swift in Sources */ = {isa = PBXBuildFile; fileRef = A504962E218F059100FC2033 /* Restaurant.swift */; };
		A5049632218F065200FC2033 /* ZomatoRestaurantListProvider.swift in Sources */ = {isa = PBXBuildFile; fileRef = A5049631218F065200FC2033 /* ZomatoRestaurantListProvider.swift */; };
		A5049635218F0CD300FC2033 /* AbbotsfordRestaurantListProviderTests.swift in Sources */ = {isa = PBXBuildFile; fileRef = A5049634218F0CD300FC2033 /* AbbotsfordRestaurantListProviderTests.swift */; };
		A5049638218F0D4B00FC2033 /* RequestSpy.swift in Sources */ = {isa = PBXBuildFile; fileRef = A5049637218F0D4B00FC2033 /* RequestSpy.swift */; };
		A504963E218F19EC00FC2033 /* HTTPURLResponse+Stub.swift in Sources */ = {isa = PBXBuildFile; fileRef = A504963D218F19EC00FC2033 /* HTTPURLResponse+Stub.swift */; };
		A5049641218F1C4300FC2033 /* Dependencies.swift in Sources */ = {isa = PBXBuildFile; fileRef = A504963F218F1C4000FC2033 /* Dependencies.swift */; };
		A50A3BB3218F21B800C53C0C /* RestaurantListController.swift in Sources */ = {isa = PBXBuildFile; fileRef = A50A3BB2218F21B800C53C0C /* RestaurantListController.swift */; };
		A50A3BB5218F232400C53C0C /* ImageProvider.swift in Sources */ = {isa = PBXBuildFile; fileRef = A50A3BB4218F232400C53C0C /* ImageProvider.swift */; };
		A50A3BB7218F246800C53C0C /* RestaurantListCell.swift in Sources */ = {isa = PBXBuildFile; fileRef = A50A3BB6218F246800C53C0C /* RestaurantListCell.swift */; };
		A50A3BB9218F289600C53C0C /* RestaurantListCellViewModel.swift in Sources */ = {isa = PBXBuildFile; fileRef = A50A3BB8218F289600C53C0C /* RestaurantListCellViewModel.swift */; };
		A50A3BBB218F297700C53C0C /* DispatchQueue+Utilities.swift in Sources */ = {isa = PBXBuildFile; fileRef = A50A3BBA218F297700C53C0C /* DispatchQueue+Utilities.swift */; };
		A50A3BC2218F419E00C53C0C /* RealmSwift.framework in Frameworks */ = {isa = PBXBuildFile; fileRef = A50A3BC0218F419E00C53C0C /* RealmSwift.framework */; };
		A50A3BC3218F419E00C53C0C /* Realm.framework in Frameworks */ = {isa = PBXBuildFile; fileRef = A50A3BC1218F419E00C53C0C /* Realm.framework */; };
		A50A3BC7218F429C00C53C0C /* RealmRestaurantListProvider.swift in Sources */ = {isa = PBXBuildFile; fileRef = A50A3BC6218F429C00C53C0C /* RealmRestaurantListProvider.swift */; };
		A50A3BC9218F432C00C53C0C /* Array+Utilities.swift in Sources */ = {isa = PBXBuildFile; fileRef = A50A3BC8218F432C00C53C0C /* Array+Utilities.swift */; };
		A58ABC5F218C7C560038656F /* RestaurantListViewController.swift in Sources */ = {isa = PBXBuildFile; fileRef = A58ABC57218C7C560038656F /* RestaurantListViewController.swift */; };
		A58ABC60218C7C560038656F /* Assets.xcassets in Resources */ = {isa = PBXBuildFile; fileRef = A58ABC58218C7C560038656F /* Assets.xcassets */; };
		A58ABC63218C7C560038656F /* ApplicationDelegate.swift in Sources */ = {isa = PBXBuildFile; fileRef = A58ABC5D218C7C560038656F /* ApplicationDelegate.swift */; };
		A58ABC68218C7C680038656F /* ResultTests.swift in Sources */ = {isa = PBXBuildFile; fileRef = A58ABC66218C7C670038656F /* ResultTests.swift */; };
		A58ABC6F218C7DCB0038656F /* ZomavanController.swift in Sources */ = {isa = PBXBuildFile; fileRef = A58ABC6E218C7DCB0038656F /* ZomavanController.swift */; };
		A58ABC79218C86F90038656F /* UseCaseCoordinator.swift in Sources */ = {isa = PBXBuildFile; fileRef = A58ABC78218C86F90038656F /* UseCaseCoordinator.swift */; };
/* End PBXBuildFile section */

/* Begin PBXContainerItemProxy section */
		A58ABC45218C7C0C0038656F /* PBXContainerItemProxy */ = {
			isa = PBXContainerItemProxy;
			containerPortal = A58ABC28218C7C0A0038656F /* Project object */;
			proxyType = 1;
			remoteGlobalIDString = A58ABC2F218C7C0A0038656F;
			remoteInfo = Zomavan;
		};
/* End PBXContainerItemProxy section */

/* Begin PBXCopyFilesBuildPhase section */
		A5049601218C8EC400FC2033 /* Copy Carthage Frameworks */ = {
			isa = PBXCopyFilesBuildPhase;
			buildActionMask = 2147483647;
			dstPath = "";
			dstSubfolderSpec = 10;
			files = (
				A5049602218C8ED700FC2033 /* Nimble.framework in Copy Carthage Frameworks */,
				A5049603218C8ED700FC2033 /* Quick.framework in Copy Carthage Frameworks */,
			);
			name = "Copy Carthage Frameworks";
			runOnlyForDeploymentPostprocessing = 0;
		};
/* End PBXCopyFilesBuildPhase section */

/* Begin PBXFileReference section */
		A50495FD218C8E0700FC2033 /* Quick.framework */ = {isa = PBXFileReference; lastKnownFileType = wrapper.framework; name = Quick.framework; path = Carthage/Build/iOS/Quick.framework; sourceTree = SOURCE_ROOT; };
		A50495FE218C8E0700FC2033 /* Nimble.framework */ = {isa = PBXFileReference; lastKnownFileType = wrapper.framework; name = Nimble.framework; path = Carthage/Build/iOS/Nimble.framework; sourceTree = SOURCE_ROOT; };
		A5049606218C911B00FC2033 /* RestaurantListUseCaseController.swift */ = {isa = PBXFileReference; lastKnownFileType = sourcecode.swift; path = RestaurantListUseCaseController.swift; sourceTree = "<group>"; };
		A504960B218C93BC00FC2033 /* NetworkClient.swift */ = {isa = PBXFileReference; lastKnownFileType = sourcecode.swift; path = NetworkClient.swift; sourceTree = "<group>"; };
		A504960E218C93E900FC2033 /* Result.swift */ = {isa = PBXFileReference; lastKnownFileType = sourcecode.swift; path = Result.swift; sourceTree = "<group>"; };
		A5049611218C962B00FC2033 /* RequestServicing.swift */ = {isa = PBXFileReference; lastKnownFileType = sourcecode.swift; path = RequestServicing.swift; sourceTree = "<group>"; };
		A5049613218C968A00FC2033 /* NetworkMethod.swift */ = {isa = PBXFileReference; lastKnownFileType = sourcecode.swift; path = NetworkMethod.swift; sourceTree = "<group>"; };
		A5049615218C96D100FC2033 /* NetworkError.swift */ = {isa = PBXFileReference; lastKnownFileType = sourcecode.swift; path = NetworkError.swift; sourceTree = "<group>"; };
		A5049619218C9B9F00FC2033 /* NetworkMethodTests.swift */ = {isa = PBXFileReference; lastKnownFileType = sourcecode.swift; path = NetworkMethodTests.swift; sourceTree = "<group>"; };
		A504961D218F013700FC2033 /* RestaurantListViewModel.swift */ = {isa = PBXFileReference; lastKnownFileType = sourcecode.swift; path = RestaurantListViewModel.swift; sourceTree = "<group>"; };
		A5049623218F02D700FC2033 /* RestaurantListViewModelTests.swift */ = {isa = PBXFileReference; lastKnownFileType = sourcecode.swift; path = RestaurantListViewModelTests.swift; sourceTree = "<group>"; };
		A5049629218F03DB00FC2033 /* RestaurantListProviding.swift */ = {isa = PBXFileReference; lastKnownFileType = sourcecode.swift; path = RestaurantListProviding.swift; sourceTree = "<group>"; };
		A504962B218F041F00FC2033 /* EndpointClient.swift */ = {isa = PBXFileReference; lastKnownFileType = sourcecode.swift; path = EndpointClient.swift; sourceTree = "<group>"; };
		A504962E218F059100FC2033 /* Restaurant.swift */ = {isa = PBXFileReference; lastKnownFileType = sourcecode.swift; path = Restaurant.swift; sourceTree = "<group>"; };
		A5049631218F065200FC2033 /* ZomatoRestaurantListProvider.swift */ = {isa = PBXFileReference; lastKnownFileType = sourcecode.swift; path = ZomatoRestaurantListProvider.swift; sourceTree = "<group>"; };
		A5049634218F0CD300FC2033 /* AbbotsfordRestaurantListProviderTests.swift */ = {isa = PBXFileReference; lastKnownFileType = sourcecode.swift; path = AbbotsfordRestaurantListProviderTests.swift; sourceTree = "<group>"; };
		A5049637218F0D4B00FC2033 /* RequestSpy.swift */ = {isa = PBXFileReference; lastKnownFileType = sourcecode.swift; path = RequestSpy.swift; sourceTree = "<group>"; };
		A504963D218F19EC00FC2033 /* HTTPURLResponse+Stub.swift */ = {isa = PBXFileReference; lastKnownFileType = sourcecode.swift; path = "HTTPURLResponse+Stub.swift"; sourceTree = "<group>"; };
		A504963F218F1C4000FC2033 /* Dependencies.swift */ = {isa = PBXFileReference; lastKnownFileType = sourcecode.swift; path = Dependencies.swift; sourceTree = "<group>"; };
		A50A3BB2218F21B800C53C0C /* RestaurantListController.swift */ = {isa = PBXFileReference; lastKnownFileType = sourcecode.swift; path = RestaurantListController.swift; sourceTree = "<group>"; };
		A50A3BB4218F232400C53C0C /* ImageProvider.swift */ = {isa = PBXFileReference; lastKnownFileType = sourcecode.swift; path = ImageProvider.swift; sourceTree = "<group>"; };
		A50A3BB6218F246800C53C0C /* RestaurantListCell.swift */ = {isa = PBXFileReference; lastKnownFileType = sourcecode.swift; path = RestaurantListCell.swift; sourceTree = "<group>"; };
		A50A3BB8218F289600C53C0C /* RestaurantListCellViewModel.swift */ = {isa = PBXFileReference; lastKnownFileType = sourcecode.swift; path = RestaurantListCellViewModel.swift; sourceTree = "<group>"; };
		A50A3BBA218F297700C53C0C /* DispatchQueue+Utilities.swift */ = {isa = PBXFileReference; lastKnownFileType = sourcecode.swift; path = "DispatchQueue+Utilities.swift"; sourceTree = "<group>"; };
		A50A3BC0218F419E00C53C0C /* RealmSwift.framework */ = {isa = PBXFileReference; lastKnownFileType = wrapper.framework; name = RealmSwift.framework; path = Carthage/Build/iOS/RealmSwift.framework; sourceTree = SOURCE_ROOT; };
		A50A3BC1218F419E00C53C0C /* Realm.framework */ = {isa = PBXFileReference; lastKnownFileType = wrapper.framework; name = Realm.framework; path = Carthage/Build/iOS/Realm.framework; sourceTree = SOURCE_ROOT; };
		A50A3BC6218F429C00C53C0C /* RealmRestaurantListProvider.swift */ = {isa = PBXFileReference; lastKnownFileType = sourcecode.swift; path = RealmRestaurantListProvider.swift; sourceTree = "<group>"; };
		A50A3BC8218F432C00C53C0C /* Array+Utilities.swift */ = {isa = PBXFileReference; lastKnownFileType = sourcecode.swift; path = "Array+Utilities.swift"; sourceTree = "<group>"; };
		A58ABC30218C7C0A0038656F /* Zomavan.app */ = {isa = PBXFileReference; explicitFileType = wrapper.application; includeInIndex = 0; path = Zomavan.app; sourceTree = BUILT_PRODUCTS_DIR; };
		A58ABC44218C7C0C0038656F /* ZomavanTests.xctest */ = {isa = PBXFileReference; explicitFileType = wrapper.cfbundle; includeInIndex = 0; path = ZomavanTests.xctest; sourceTree = BUILT_PRODUCTS_DIR; };
		A58ABC57218C7C560038656F /* RestaurantListViewController.swift */ = {isa = PBXFileReference; fileEncoding = 4; lastKnownFileType = sourcecode.swift; path = RestaurantListViewController.swift; sourceTree = "<group>"; };
		A58ABC58218C7C560038656F /* Assets.xcassets */ = {isa = PBXFileReference; lastKnownFileType = folder.assetcatalog; path = Assets.xcassets; sourceTree = "<group>"; };
		A58ABC5D218C7C560038656F /* ApplicationDelegate.swift */ = {isa = PBXFileReference; fileEncoding = 4; lastKnownFileType = sourcecode.swift; path = ApplicationDelegate.swift; sourceTree = "<group>"; };
		A58ABC5E218C7C560038656F /* Info.plist */ = {isa = PBXFileReference; fileEncoding = 4; lastKnownFileType = text.plist.xml; path = Info.plist; sourceTree = "<group>"; };
		A58ABC66218C7C670038656F /* ResultTests.swift */ = {isa = PBXFileReference; fileEncoding = 4; lastKnownFileType = sourcecode.swift; path = ResultTests.swift; sourceTree = "<group>"; };
		A58ABC67218C7C670038656F /* Info.plist */ = {isa = PBXFileReference; fileEncoding = 4; lastKnownFileType = text.plist.xml; path = Info.plist; sourceTree = "<group>"; };
		A58ABC6E218C7DCB0038656F /* ZomavanController.swift */ = {isa = PBXFileReference; lastKnownFileType = sourcecode.swift; path = ZomavanController.swift; sourceTree = "<group>"; };
		A58ABC72218C80FF0038656F /* README.md */ = {isa = PBXFileReference; lastKnownFileType = net.daringfireball.markdown; path = README.md; sourceTree = "<group>"; };
		A58ABC74218C81C60038656F /* Use Case Controllers.md */ = {isa = PBXFileReference; lastKnownFileType = net.daringfireball.markdown; path = "Use Case Controllers.md"; sourceTree = "<group>"; };
		A58ABC75218C824D0038656F /* README.md */ = {isa = PBXFileReference; lastKnownFileType = net.daringfireball.markdown; path = README.md; sourceTree = "<group>"; };
		A58ABC78218C86F90038656F /* UseCaseCoordinator.swift */ = {isa = PBXFileReference; lastKnownFileType = sourcecode.swift; path = UseCaseCoordinator.swift; sourceTree = "<group>"; };
/* End PBXFileReference section */

/* Begin PBXFrameworksBuildPhase section */
		A58ABC2D218C7C0A0038656F /* Frameworks */ = {
			isa = PBXFrameworksBuildPhase;
			buildActionMask = 2147483647;
			files = (
				A50A3BC3218F419E00C53C0C /* Realm.framework in Frameworks */,
				A50A3BC2218F419E00C53C0C /* RealmSwift.framework in Frameworks */,
			);
			runOnlyForDeploymentPostprocessing = 0;
		};
		A58ABC41218C7C0C0038656F /* Frameworks */ = {
			isa = PBXFrameworksBuildPhase;
			buildActionMask = 2147483647;
			files = (
				A50495FF218C8E1E00FC2033 /* Nimble.framework in Frameworks */,
				A5049600218C8E1E00FC2033 /* Quick.framework in Frameworks */,
			);
			runOnlyForDeploymentPostprocessing = 0;
		};
/* End PBXFrameworksBuildPhase section */

/* Begin PBXGroup section */
		A50495FC218C8DDE00FC2033 /* Frameworks */ = {
			isa = PBXGroup;
			children = (
				A50495FE218C8E0700FC2033 /* Nimble.framework */,
				A50495FD218C8E0700FC2033 /* Quick.framework */,
				A50A3BC1218F419E00C53C0C /* Realm.framework */,
				A50A3BC0218F419E00C53C0C /* RealmSwift.framework */,
			);
			path = Frameworks;
			sourceTree = "<group>";
		};
		A5049605218C90CB00FC2033 /* Use Cases */ = {
			isa = PBXGroup;
			children = (
				A5049608218C915000FC2033 /* Restaurant List */,
			);
			path = "Use Cases";
			sourceTree = "<group>";
		};
		A5049608218C915000FC2033 /* Restaurant List */ = {
			isa = PBXGroup;
			children = (
				A5049606218C911B00FC2033 /* RestaurantListUseCaseController.swift */,
				A50A3BB1218F217D00C53C0C /* Controller */,
				A504962D218F057A00FC2033 /* Models */,
				A5049628218F03BB00FC2033 /* Protocols */,
				A5049609218C916000FC2033 /* UI */,
				A504961C218F011400FC2033 /* View Models */,
			);
			path = "Restaurant List";
			sourceTree = "<group>";
		};
		A5049609218C916000FC2033 /* UI */ = {
			isa = PBXGroup;
			children = (
				A58ABC57218C7C560038656F /* RestaurantListViewController.swift */,
				A50A3BB6218F246800C53C0C /* RestaurantListCell.swift */,
			);
			path = UI;
			sourceTree = "<group>";
		};
		A504960A218C939B00FC2033 /* Network */ = {
			isa = PBXGroup;
			children = (
				A504960B218C93BC00FC2033 /* NetworkClient.swift */,
				A5049613218C968A00FC2033 /* NetworkMethod.swift */,
				A5049615218C96D100FC2033 /* NetworkError.swift */,
				A5049610218C961900FC2033 /* Protocols */,
			);
			path = Network;
			sourceTree = "<group>";
		};
		A504960D218C93D200FC2033 /* Utilities */ = {
			isa = PBXGroup;
			children = (
				A504960E218C93E900FC2033 /* Result.swift */,
				A50A3BBA218F297700C53C0C /* DispatchQueue+Utilities.swift */,
				A50A3BC8218F432C00C53C0C /* Array+Utilities.swift */,
			);
			path = Utilities;
			sourceTree = "<group>";
		};
		A5049610218C961900FC2033 /* Protocols */ = {
			isa = PBXGroup;
			children = (
				A504962B218F041F00FC2033 /* EndpointClient.swift */,
				A5049611218C962B00FC2033 /* RequestServicing.swift */,
			);
			path = Protocols;
			sourceTree = "<group>";
		};
		A5049617218C9A8100FC2033 /* Utilities */ = {
			isa = PBXGroup;
			children = (
				A58ABC66218C7C670038656F /* ResultTests.swift */,
			);
			path = Utilities;
			sourceTree = "<group>";
		};
		A5049618218C9B8F00FC2033 /* Network */ = {
			isa = PBXGroup;
			children = (
				A5049619218C9B9F00FC2033 /* NetworkMethodTests.swift */,
			);
			path = Network;
			sourceTree = "<group>";
		};
		A504961C218F011400FC2033 /* View Models */ = {
			isa = PBXGroup;
			children = (
				A504961D218F013700FC2033 /* RestaurantListViewModel.swift */,
				A50A3BB8218F289600C53C0C /* RestaurantListCellViewModel.swift */,
			);
			path = "View Models";
			sourceTree = "<group>";
		};
		A504961F218F02B900FC2033 /* Application */ = {
			isa = PBXGroup;
			children = (
				A5049633218F0C6E00FC2033 /* Network */,
				A5049620218F02BF00FC2033 /* Use Cases */,
			);
			path = Application;
			sourceTree = "<group>";
		};
		A5049620218F02BF00FC2033 /* Use Cases */ = {
			isa = PBXGroup;
			children = (
				A5049621218F02C400FC2033 /* Restaurant List */,
			);
			path = "Use Cases";
			sourceTree = "<group>";
		};
		A5049621218F02C400FC2033 /* Restaurant List */ = {
			isa = PBXGroup;
			children = (
				A5049622218F02C900FC2033 /* View Models */,
			);
			path = "Restaurant List";
			sourceTree = "<group>";
		};
		A5049622218F02C900FC2033 /* View Models */ = {
			isa = PBXGroup;
			children = (
				A5049623218F02D700FC2033 /* RestaurantListViewModelTests.swift */,
			);
			path = "View Models";
			sourceTree = "<group>";
		};
		A5049628218F03BB00FC2033 /* Protocols */ = {
			isa = PBXGroup;
			children = (
				A5049629218F03DB00FC2033 /* RestaurantListProviding.swift */,
			);
			path = Protocols;
			sourceTree = "<group>";
		};
		A504962D218F057A00FC2033 /* Models */ = {
			isa = PBXGroup;
			children = (
				A504962E218F059100FC2033 /* Restaurant.swift */,
			);
			path = Models;
			sourceTree = "<group>";
		};
		A5049630218F063100FC2033 /* Network */ = {
			isa = PBXGroup;
			children = (
				A5049631218F065200FC2033 /* ZomatoRestaurantListProvider.swift */,
				A50A3BB4218F232400C53C0C /* ImageProvider.swift */,
			);
			path = Network;
			sourceTree = "<group>";
		};
		A5049633218F0C6E00FC2033 /* Network */ = {
			isa = PBXGroup;
			children = (
				A5049634218F0CD300FC2033 /* AbbotsfordRestaurantListProviderTests.swift */,
			);
			path = Network;
			sourceTree = "<group>";
		};
		A5049636218F0D1000FC2033 /* Helpers */ = {
			isa = PBXGroup;
			children = (
				A5049637218F0D4B00FC2033 /* RequestSpy.swift */,
				A504963D218F19EC00FC2033 /* HTTPURLResponse+Stub.swift */,
			);
			path = Helpers;
			sourceTree = "<group>";
		};
		A50A3BB1218F217D00C53C0C /* Controller */ = {
			isa = PBXGroup;
			children = (
				A50A3BB2218F21B800C53C0C /* RestaurantListController.swift */,
			);
			path = Controller;
			sourceTree = "<group>";
		};
		A50A3BC5218F425100C53C0C /* Persistence */ = {
			isa = PBXGroup;
			children = (
				A50A3BC6218F429C00C53C0C /* RealmRestaurantListProvider.swift */,
			);
			path = Persistence;
			sourceTree = "<group>";
		};
		A58ABC27218C7C0A0038656F = {
			isa = PBXGroup;
			children = (
				A58ABC70218C7FD80038656F /* Documentation */,
				A50495FC218C8DDE00FC2033 /* Frameworks */,
				A58ABC31218C7C0A0038656F /* Products */,
				A58ABC56218C7C560038656F /* Source */,
				A58ABC65218C7C670038656F /* Tests */,
			);
			sourceTree = "<group>";
		};
		A58ABC31218C7C0A0038656F /* Products */ = {
			isa = PBXGroup;
			children = (
				A58ABC30218C7C0A0038656F /* Zomavan.app */,
				A58ABC44218C7C0C0038656F /* ZomavanTests.xctest */,
			);
			name = Products;
			sourceTree = "<group>";
		};
		A58ABC56218C7C560038656F /* Source */ = {
			isa = PBXGroup;
			children = (
				A58ABC5D218C7C560038656F /* ApplicationDelegate.swift */,
				A504963F218F1C4000FC2033 /* Dependencies.swift */,
				A58ABC6D218C7DB10038656F /* Application */,
				A58ABC6B218C7CB90038656F /* Assets */,
				A504960A218C939B00FC2033 /* Network */,
				A58ABC6A218C7C9E0038656F /* Supporting Files */,
				A504960D218C93D200FC2033 /* Utilities */,
			);
			path = Source;
			sourceTree = "<group>";
		};
		A58ABC65218C7C670038656F /* Tests */ = {
			isa = PBXGroup;
			children = (
				A5049636218F0D1000FC2033 /* Helpers */,
				A504961F218F02B900FC2033 /* Application */,
				A5049618218C9B8F00FC2033 /* Network */,
				A5049617218C9A8100FC2033 /* Utilities */,
				A58ABC6C218C7CD00038656F /* Supporting Files */,
			);
			path = Tests;
			sourceTree = "<group>";
		};
		A58ABC6A218C7C9E0038656F /* Supporting Files */ = {
			isa = PBXGroup;
			children = (
				A58ABC5E218C7C560038656F /* Info.plist */,
			);
			path = "Supporting Files";
			sourceTree = "<group>";
		};
		A58ABC6B218C7CB90038656F /* Assets */ = {
			isa = PBXGroup;
			children = (
				A58ABC58218C7C560038656F /* Assets.xcassets */,
			);
			path = Assets;
			sourceTree = "<group>";
		};
		A58ABC6C218C7CD00038656F /* Supporting Files */ = {
			isa = PBXGroup;
			children = (
				A58ABC67218C7C670038656F /* Info.plist */,
			);
			path = "Supporting Files";
			sourceTree = "<group>";
		};
		A58ABC6D218C7DB10038656F /* Application */ = {
			isa = PBXGroup;
			children = (
				A58ABC6E218C7DCB0038656F /* ZomavanController.swift */,
				A5049630218F063100FC2033 /* Network */,
				A50A3BC5218F425100C53C0C /* Persistence */,
				A58ABC76218C86DE0038656F /* Protocols */,
				A5049605218C90CB00FC2033 /* Use Cases */,
			);
			path = Application;
			sourceTree = "<group>";
		};
		A58ABC70218C7FD80038656F /* Documentation */ = {
			isa = PBXGroup;
			children = (
				A58ABC72218C80FF0038656F /* README.md */,
				A58ABC71218C80E30038656F /* Software Design */,
			);
			path = Documentation;
			sourceTree = "<group>";
		};
		A58ABC71218C80E30038656F /* Software Design */ = {
			isa = PBXGroup;
			children = (
				A58ABC75218C824D0038656F /* README.md */,
				A58ABC74218C81C60038656F /* Use Case Controllers.md */,
			);
			path = "Software Design";
			sourceTree = "<group>";
		};
		A58ABC76218C86DE0038656F /* Protocols */ = {
			isa = PBXGroup;
			children = (
				A58ABC78218C86F90038656F /* UseCaseCoordinator.swift */,
			);
			path = Protocols;
			sourceTree = "<group>";
		};
/* End PBXGroup section */

/* Begin PBXNativeTarget section */
		A58ABC2F218C7C0A0038656F /* Zomavan */ = {
			isa = PBXNativeTarget;
			buildConfigurationList = A58ABC4D218C7C0C0038656F /* Build configuration list for PBXNativeTarget "Zomavan" */;
			buildPhases = (
				A50A3BC4218F41B600C53C0C /* Copy Carthage Frameworks */,
				A58ABC2C218C7C0A0038656F /* Sources */,
				A58ABC2D218C7C0A0038656F /* Frameworks */,
				A58ABC2E218C7C0A0038656F /* Resources */,
			);
			buildRules = (
			);
			dependencies = (
			);
			name = Zomavan;
			productName = Zomavan;
			productReference = A58ABC30218C7C0A0038656F /* Zomavan.app */;
			productType = "com.apple.product-type.application";
		};
		A58ABC43218C7C0C0038656F /* ZomavanTests */ = {
			isa = PBXNativeTarget;
			buildConfigurationList = A58ABC50218C7C0C0038656F /* Build configuration list for PBXNativeTarget "ZomavanTests" */;
			buildPhases = (
				A5049601218C8EC400FC2033 /* Copy Carthage Frameworks */,
				A58ABC40218C7C0C0038656F /* Sources */,
				A58ABC41218C7C0C0038656F /* Frameworks */,
				A58ABC42218C7C0C0038656F /* Resources */,
			);
			buildRules = (
			);
			dependencies = (
				A58ABC46218C7C0C0038656F /* PBXTargetDependency */,
			);
			name = ZomavanTests;
			productName = ZomavanTests;
			productReference = A58ABC44218C7C0C0038656F /* ZomavanTests.xctest */;
			productType = "com.apple.product-type.bundle.unit-test";
		};
/* End PBXNativeTarget section */

/* Begin PBXProject section */
		A58ABC28218C7C0A0038656F /* Project object */ = {
			isa = PBXProject;
			attributes = {
				LastSwiftUpdateCheck = 1010;
				LastUpgradeCheck = 1010;
				ORGANIZATIONNAME = "Gavan Chan";
				TargetAttributes = {
					A58ABC2F218C7C0A0038656F = {
						CreatedOnToolsVersion = 10.1;
					};
					A58ABC43218C7C0C0038656F = {
						CreatedOnToolsVersion = 10.1;
						TestTargetID = A58ABC2F218C7C0A0038656F;
					};
				};
			};
			buildConfigurationList = A58ABC2B218C7C0A0038656F /* Build configuration list for PBXProject "Zomavan" */;
			compatibilityVersion = "Xcode 9.3";
			developmentRegion = en;
			hasScannedForEncodings = 0;
			knownRegions = (
				en,
				Base,
			);
			mainGroup = A58ABC27218C7C0A0038656F;
			productRefGroup = A58ABC31218C7C0A0038656F /* Products */;
			projectDirPath = "";
			projectRoot = "";
			targets = (
				A58ABC2F218C7C0A0038656F /* Zomavan */,
				A58ABC43218C7C0C0038656F /* ZomavanTests */,
			);
		};
/* End PBXProject section */

/* Begin PBXResourcesBuildPhase section */
		A58ABC2E218C7C0A0038656F /* Resources */ = {
			isa = PBXResourcesBuildPhase;
			buildActionMask = 2147483647;
			files = (
				A58ABC60218C7C560038656F /* Assets.xcassets in Resources */,
			);
			runOnlyForDeploymentPostprocessing = 0;
		};
		A58ABC42218C7C0C0038656F /* Resources */ = {
			isa = PBXResourcesBuildPhase;
			buildActionMask = 2147483647;
			files = (
			);
			runOnlyForDeploymentPostprocessing = 0;
		};
/* End PBXResourcesBuildPhase section */

/* Begin PBXShellScriptBuildPhase section */
		A50A3BC4218F41B600C53C0C /* Copy Carthage Frameworks */ = {
			isa = PBXShellScriptBuildPhase;
			buildActionMask = 2147483647;
			files = (
			);
			inputFileListPaths = (
			);
			inputPaths = (
				"$(SRCROOT)/Carthage/Build/iOS/Realm.framework",
				"$(SRCROOT)/Carthage/Build/iOS/RealmSwift.framework",
			);
			name = "Copy Carthage Frameworks";
			outputFileListPaths = (
			);
			outputPaths = (
				"$(BUILT_PRODUCTS_DIR)/$(FRAMEWORKS_FOLDER_PATH)/Realm.framework",
				"$(BUILT_PRODUCTS_DIR)/$(FRAMEWORKS_FOLDER_PATH)/RealmSwift.framework",
			);
			runOnlyForDeploymentPostprocessing = 0;
			shellPath = /bin/sh;
			shellScript = "/usr/local/bin/carthage copy-frameworks\n";
		};
/* End PBXShellScriptBuildPhase section */

/* Begin PBXSourcesBuildPhase section */
		A58ABC2C218C7C0A0038656F /* Sources */ = {
			isa = PBXSourcesBuildPhase;
			buildActionMask = 2147483647;
			files = (
				A58ABC79218C86F90038656F /* UseCaseCoordinator.swift in Sources */,
				A50A3BC7218F429C00C53C0C /* RealmRestaurantListProvider.swift in Sources */,
				A58ABC63218C7C560038656F /* ApplicationDelegate.swift in Sources */,
				A504961E218F013700FC2033 /* RestaurantListViewModel.swift in Sources */,
				A58ABC5F218C7C560038656F /* RestaurantListViewController.swift in Sources */,
				A50A3BBB218F297700C53C0C /* DispatchQueue+Utilities.swift in Sources */,
				A5049641218F1C4300FC2033 /* Dependencies.swift in Sources */,
				A5049632218F065200FC2033 /* ZomatoRestaurantListProvider.swift in Sources */,
				A50A3BC9218F432C00C53C0C /* Array+Utilities.swift in Sources */,
				A5049607218C911B00FC2033 /* RestaurantListUseCaseController.swift in Sources */,
				A5049612218C962B00FC2033 /* RequestServicing.swift in Sources */,
				A50A3BB7218F246800C53C0C /* RestaurantListCell.swift in Sources */,
				A50A3BB5218F232400C53C0C /* ImageProvider.swift in Sources */,
				A504962C218F041F00FC2033 /* EndpointClient.swift in Sources */,
				A504960F218C93E900FC2033 /* Result.swift in Sources */,
				A50A3BB3218F21B800C53C0C /* RestaurantListController.swift in Sources */,
				A58ABC6F218C7DCB0038656F /* ZomavanController.swift in Sources */,
				A5049614218C968A00FC2033 /* NetworkMethod.swift in Sources */,
				A504962F218F059100FC2033 /* Restaurant.swift in Sources */,
				A504960C218C93BC00FC2033 /* NetworkClient.swift in Sources */,
				A5049616218C96D100FC2033 /* NetworkError.swift in Sources */,
				A504962A218F03DB00FC2033 /* RestaurantListProviding.swift in Sources */,
				A50A3BB9218F289600C53C0C /* RestaurantListCellViewModel.swift in Sources */,
			);
			runOnlyForDeploymentPostprocessing = 0;
		};
		A58ABC40218C7C0C0038656F /* Sources */ = {
			isa = PBXSourcesBuildPhase;
			buildActionMask = 2147483647;
			files = (
				A5049626218F035900FC2033 /* RestaurantListViewModelTests.swift in Sources */,
				A58ABC68218C7C680038656F /* ResultTests.swift in Sources */,
				A504963E218F19EC00FC2033 /* HTTPURLResponse+Stub.swift in Sources */,
				A504961B218C9BA500FC2033 /* NetworkMethodTests.swift in Sources */,
				A5049635218F0CD300FC2033 /* AbbotsfordRestaurantListProviderTests.swift in Sources */,
				A5049638218F0D4B00FC2033 /* RequestSpy.swift in Sources */,
			);
			runOnlyForDeploymentPostprocessing = 0;
		};
/* End PBXSourcesBuildPhase section */

/* Begin PBXTargetDependency section */
		A58ABC46218C7C0C0038656F /* PBXTargetDependency */ = {
			isa = PBXTargetDependency;
			target = A58ABC2F218C7C0A0038656F /* Zomavan */;
			targetProxy = A58ABC45218C7C0C0038656F /* PBXContainerItemProxy */;
		};
/* End PBXTargetDependency section */

/* Begin XCBuildConfiguration section */
		A58ABC4B218C7C0C0038656F /* Debug */ = {
			isa = XCBuildConfiguration;
			buildSettings = {
				ALWAYS_SEARCH_USER_PATHS = NO;
				CLANG_ANALYZER_NONNULL = YES;
				CLANG_ANALYZER_NUMBER_OBJECT_CONVERSION = YES_AGGRESSIVE;
				CLANG_CXX_LANGUAGE_STANDARD = "gnu++14";
				CLANG_CXX_LIBRARY = "libc++";
				CLANG_ENABLE_MODULES = YES;
				CLANG_ENABLE_OBJC_ARC = YES;
				CLANG_ENABLE_OBJC_WEAK = YES;
				CLANG_WARN_BLOCK_CAPTURE_AUTORELEASING = YES;
				CLANG_WARN_BOOL_CONVERSION = YES;
				CLANG_WARN_COMMA = YES;
				CLANG_WARN_CONSTANT_CONVERSION = YES;
				CLANG_WARN_DEPRECATED_OBJC_IMPLEMENTATIONS = YES;
				CLANG_WARN_DIRECT_OBJC_ISA_USAGE = YES_ERROR;
				CLANG_WARN_DOCUMENTATION_COMMENTS = YES;
				CLANG_WARN_EMPTY_BODY = YES;
				CLANG_WARN_ENUM_CONVERSION = YES;
				CLANG_WARN_INFINITE_RECURSION = YES;
				CLANG_WARN_INT_CONVERSION = YES;
				CLANG_WARN_NON_LITERAL_NULL_CONVERSION = YES;
				CLANG_WARN_OBJC_IMPLICIT_RETAIN_SELF = YES;
				CLANG_WARN_OBJC_LITERAL_CONVERSION = YES;
				CLANG_WARN_OBJC_ROOT_CLASS = YES_ERROR;
				CLANG_WARN_RANGE_LOOP_ANALYSIS = YES;
				CLANG_WARN_STRICT_PROTOTYPES = YES;
				CLANG_WARN_SUSPICIOUS_MOVE = YES;
				CLANG_WARN_UNGUARDED_AVAILABILITY = YES_AGGRESSIVE;
				CLANG_WARN_UNREACHABLE_CODE = YES;
				CLANG_WARN__DUPLICATE_METHOD_MATCH = YES;
				CODE_SIGN_IDENTITY = "iPhone Developer";
				COPY_PHASE_STRIP = NO;
				DEBUG_INFORMATION_FORMAT = dwarf;
				ENABLE_STRICT_OBJC_MSGSEND = YES;
				ENABLE_TESTABILITY = YES;
				GCC_C_LANGUAGE_STANDARD = gnu11;
				GCC_DYNAMIC_NO_PIC = NO;
				GCC_NO_COMMON_BLOCKS = YES;
				GCC_OPTIMIZATION_LEVEL = 0;
				GCC_PREPROCESSOR_DEFINITIONS = (
					"DEBUG=1",
					"$(inherited)",
				);
				GCC_WARN_64_TO_32_BIT_CONVERSION = YES;
				GCC_WARN_ABOUT_RETURN_TYPE = YES_ERROR;
				GCC_WARN_UNDECLARED_SELECTOR = YES;
				GCC_WARN_UNINITIALIZED_AUTOS = YES_AGGRESSIVE;
				GCC_WARN_UNUSED_FUNCTION = YES;
				GCC_WARN_UNUSED_VARIABLE = YES;
				IPHONEOS_DEPLOYMENT_TARGET = 12.1;
				MTL_ENABLE_DEBUG_INFO = INCLUDE_SOURCE;
				MTL_FAST_MATH = YES;
				ONLY_ACTIVE_ARCH = YES;
				SDKROOT = iphoneos;
				SWIFT_ACTIVE_COMPILATION_CONDITIONS = DEBUG;
				SWIFT_OPTIMIZATION_LEVEL = "-Onone";
			};
			name = Debug;
		};
		A58ABC4C218C7C0C0038656F /* Release */ = {
			isa = XCBuildConfiguration;
			buildSettings = {
				ALWAYS_SEARCH_USER_PATHS = NO;
				CLANG_ANALYZER_NONNULL = YES;
				CLANG_ANALYZER_NUMBER_OBJECT_CONVERSION = YES_AGGRESSIVE;
				CLANG_CXX_LANGUAGE_STANDARD = "gnu++14";
				CLANG_CXX_LIBRARY = "libc++";
				CLANG_ENABLE_MODULES = YES;
				CLANG_ENABLE_OBJC_ARC = YES;
				CLANG_ENABLE_OBJC_WEAK = YES;
				CLANG_WARN_BLOCK_CAPTURE_AUTORELEASING = YES;
				CLANG_WARN_BOOL_CONVERSION = YES;
				CLANG_WARN_COMMA = YES;
				CLANG_WARN_CONSTANT_CONVERSION = YES;
				CLANG_WARN_DEPRECATED_OBJC_IMPLEMENTATIONS = YES;
				CLANG_WARN_DIRECT_OBJC_ISA_USAGE = YES_ERROR;
				CLANG_WARN_DOCUMENTATION_COMMENTS = YES;
				CLANG_WARN_EMPTY_BODY = YES;
				CLANG_WARN_ENUM_CONVERSION = YES;
				CLANG_WARN_INFINITE_RECURSION = YES;
				CLANG_WARN_INT_CONVERSION = YES;
				CLANG_WARN_NON_LITERAL_NULL_CONVERSION = YES;
				CLANG_WARN_OBJC_IMPLICIT_RETAIN_SELF = YES;
				CLANG_WARN_OBJC_LITERAL_CONVERSION = YES;
				CLANG_WARN_OBJC_ROOT_CLASS = YES_ERROR;
				CLANG_WARN_RANGE_LOOP_ANALYSIS = YES;
				CLANG_WARN_STRICT_PROTOTYPES = YES;
				CLANG_WARN_SUSPICIOUS_MOVE = YES;
				CLANG_WARN_UNGUARDED_AVAILABILITY = YES_AGGRESSIVE;
				CLANG_WARN_UNREACHABLE_CODE = YES;
				CLANG_WARN__DUPLICATE_METHOD_MATCH = YES;
				CODE_SIGN_IDENTITY = "iPhone Developer";
				COPY_PHASE_STRIP = NO;
				DEBUG_INFORMATION_FORMAT = "dwarf-with-dsym";
				ENABLE_NS_ASSERTIONS = NO;
				ENABLE_STRICT_OBJC_MSGSEND = YES;
				GCC_C_LANGUAGE_STANDARD = gnu11;
				GCC_NO_COMMON_BLOCKS = YES;
				GCC_WARN_64_TO_32_BIT_CONVERSION = YES;
				GCC_WARN_ABOUT_RETURN_TYPE = YES_ERROR;
				GCC_WARN_UNDECLARED_SELECTOR = YES;
				GCC_WARN_UNINITIALIZED_AUTOS = YES_AGGRESSIVE;
				GCC_WARN_UNUSED_FUNCTION = YES;
				GCC_WARN_UNUSED_VARIABLE = YES;
				IPHONEOS_DEPLOYMENT_TARGET = 12.1;
				MTL_ENABLE_DEBUG_INFO = NO;
				MTL_FAST_MATH = YES;
				SDKROOT = iphoneos;
				SWIFT_COMPILATION_MODE = wholemodule;
				SWIFT_OPTIMIZATION_LEVEL = "-O";
				VALIDATE_PRODUCT = YES;
			};
			name = Release;
		};
		A58ABC4E218C7C0C0038656F /* Debug */ = {
			isa = XCBuildConfiguration;
			buildSettings = {
				ASSETCATALOG_COMPILER_APPICON_NAME = AppIcon;
				CODE_SIGN_STYLE = Automatic;
				DEVELOPMENT_TEAM = GAV3HJNSJX;
				FRAMEWORK_SEARCH_PATHS = (
					"$(inherited)",
					"$(PROJECT_DIR)/Carthage/Build/iOS",
				);
				INFOPLIST_FILE = "$(SRCROOT)/Source/Supporting Files/Info.plist";
				LD_RUNPATH_SEARCH_PATHS = (
					"$(inherited)",
					"@executable_path/Frameworks",
				);
				PRODUCT_BUNDLE_IDENTIFIER = com.chan.gavan.Zomavan;
				PRODUCT_NAME = "$(TARGET_NAME)";
				SWIFT_VERSION = 4.2;
				TARGETED_DEVICE_FAMILY = "1,2";
			};
			name = Debug;
		};
		A58ABC4F218C7C0C0038656F /* Release */ = {
			isa = XCBuildConfiguration;
			buildSettings = {
				ASSETCATALOG_COMPILER_APPICON_NAME = AppIcon;
				CODE_SIGN_STYLE = Automatic;
				DEVELOPMENT_TEAM = GAV3HJNSJX;
				FRAMEWORK_SEARCH_PATHS = (
					"$(inherited)",
					"$(PROJECT_DIR)/Carthage/Build/iOS",
				);
				INFOPLIST_FILE = "$(SRCROOT)/Source/Supporting Files/Info.plist";
				LD_RUNPATH_SEARCH_PATHS = (
					"$(inherited)",
					"@executable_path/Frameworks",
				);
				PRODUCT_BUNDLE_IDENTIFIER = com.chan.gavan.Zomavan;
				PRODUCT_NAME = "$(TARGET_NAME)";
				SWIFT_VERSION = 4.2;
				TARGETED_DEVICE_FAMILY = "1,2";
			};
			name = Release;
		};
		A58ABC51218C7C0C0038656F /* Debug */ = {
			isa = XCBuildConfiguration;
			buildSettings = {
				ALWAYS_EMBED_SWIFT_STANDARD_LIBRARIES = YES;
				BUNDLE_LOADER = "$(TEST_HOST)";
				CODE_SIGN_STYLE = Automatic;
				DEVELOPMENT_TEAM = GAV3HJNSJX;
				FRAMEWORK_SEARCH_PATHS = (
					"$(inherited)",
					"$(PROJECT_DIR)/Carthage/Build/iOS",
				);
				INFOPLIST_FILE = "$(SRCROOT)/Tests/Supporting Files/Info.plist";
				LD_RUNPATH_SEARCH_PATHS = (
					"$(inherited)",
					"@executable_path/Frameworks",
					"@loader_path/Frameworks",
				);
				PRODUCT_BUNDLE_IDENTIFIER = com.chan.gavan.ZomavanTests;
				PRODUCT_NAME = "$(TARGET_NAME)";
				SWIFT_VERSION = 4.2;
				TARGETED_DEVICE_FAMILY = "1,2";
				TEST_HOST = "$(BUILT_PRODUCTS_DIR)/Zomavan.app/Zomavan";
			};
			name = Debug;
		};
		A58ABC52218C7C0C0038656F /* Release */ = {
			isa = XCBuildConfiguration;
			buildSettings = {
				ALWAYS_EMBED_SWIFT_STANDARD_LIBRARIES = YES;
				BUNDLE_LOADER = "$(TEST_HOST)";
				CODE_SIGN_STYLE = Automatic;
				DEVELOPMENT_TEAM = GAV3HJNSJX;
				FRAMEWORK_SEARCH_PATHS = (
					"$(inherited)",
					"$(PROJECT_DIR)/Carthage/Build/iOS",
				);
				INFOPLIST_FILE = "$(SRCROOT)/Tests/Supporting Files/Info.plist";
				LD_RUNPATH_SEARCH_PATHS = (
					"$(inherited)",
					"@executable_path/Frameworks",
					"@loader_path/Frameworks",
				);
				PRODUCT_BUNDLE_IDENTIFIER = com.chan.gavan.ZomavanTests;
				PRODUCT_NAME = "$(TARGET_NAME)";
				SWIFT_VERSION = 4.2;
				TARGETED_DEVICE_FAMILY = "1,2";
				TEST_HOST = "$(BUILT_PRODUCTS_DIR)/Zomavan.app/Zomavan";
			};
			name = Release;
		};
/* End XCBuildConfiguration section */

/* Begin XCConfigurationList section */
		A58ABC2B218C7C0A0038656F /* Build configuration list for PBXProject "Zomavan" */ = {
			isa = XCConfigurationList;
			buildConfigurations = (
				A58ABC4B218C7C0C0038656F /* Debug */,
				A58ABC4C218C7C0C0038656F /* Release */,
			);
			defaultConfigurationIsVisible = 0;
			defaultConfigurationName = Release;
		};
		A58ABC4D218C7C0C0038656F /* Build configuration list for PBXNativeTarget "Zomavan" */ = {
			isa = XCConfigurationList;
			buildConfigurations = (
				A58ABC4E218C7C0C0038656F /* Debug */,
				A58ABC4F218C7C0C0038656F /* Release */,
			);
			defaultConfigurationIsVisible = 0;
			defaultConfigurationName = Release;
		};
		A58ABC50218C7C0C0038656F /* Build configuration list for PBXNativeTarget "ZomavanTests" */ = {
			isa = XCConfigurationList;
			buildConfigurations = (
				A58ABC51218C7C0C0038656F /* Debug */,
				A58ABC52218C7C0C0038656F /* Release */,
			);
			defaultConfigurationIsVisible = 0;
			defaultConfigurationName = Release;
		};
/* End XCConfigurationList section */
	};
	rootObject = A58ABC28218C7C0A0038656F /* Project object */;
}
